
Microsoft Visual Studio Solution File, Format Version 12.00
# Visual Studio Version 17
VisualStudioVersion = 17.9.34902.65
MinimumVisualStudioVersion = 10.0.40219.1
Project("{FAE04EC0-301F-11D3-BF4B-00C04F79EFBC}") = "Grade_Calculator", "Grade_Calculator\Grade_Calculator.csproj", "{7D7ABCB6-B4DC-4C1D-8851-A999566DD3B6}"
EndProject
Global
	GlobalSection(SolutionConfigurationPlatforms) = preSolution
		Debug|Any CPU = Debug|Any CPU
		Release|Any CPU = Release|Any CPU
	EndGlobalSection
	GlobalSection(ProjectConfigurationPlatforms) = postSolution
		{7D7ABCB6-B4DC-4C1D-8851-A999566DD3B6}.Debug|Any CPU.ActiveCfg = Debug|Any CPU
		{7D7ABCB6-B4DC-4C1D-8851-A999566DD3B6}.Debug|Any CPU.Build.0 = Debug|Any CPU
		{7D7ABCB6-B4DC-4C1D-8851-A999566DD3B6}.Release|Any CPU.ActiveCfg = Release|Any CPU
		{7D7ABCB6-B4DC-4C1D-8851-A999566DD3B6}.Release|Any CPU.Build.0 = Release|Any CPU
	EndGlobalSection
	GlobalSection(SolutionProperties) = preSolution
		HideSolutionNode = FALSE
	EndGlobalSection
	GlobalSection(ExtensibilityGlobals) = postSolution
		SolutionGuid = {B92E7F5D-9E86-497D-B46C-660B6ABFAD44}
	EndGlobalSection
EndGlobal
